
Microsoft Visual Studio Solution File, Format Version 12.00
Project("{FAE04EC0-301F-11D3-BF4B-00C04F79EFBC}") = "kitaab", "kitaab\kitaab.csproj", "{6C8130E7-80D2-4543-9F9B-9D36A60F928F}"
EndProject
Global
	GlobalSection(SolutionConfigurationPlatforms) = preSolution
		Debug|Any CPU = Debug|Any CPU
		Release|Any CPU = Release|Any CPU
	EndGlobalSection
	GlobalSection(ProjectConfigurationPlatforms) = postSolution
		{6C8130E7-80D2-4543-9F9B-9D36A60F928F}.Debug|Any CPU.ActiveCfg = Debug|Any CPU
		{6C8130E7-80D2-4543-9F9B-9D36A60F928F}.Debug|Any CPU.Build.0 = Debug|Any CPU
		{6C8130E7-80D2-4543-9F9B-9D36A60F928F}.Release|Any CPU.ActiveCfg = Release|Any CPU
		{6C8130E7-80D2-4543-9F9B-9D36A60F928F}.Release|Any CPU.Build.0 = Release|Any CPU
	EndGlobalSection
EndGlobal
